
Microsoft Visual Studio Solution File, Format Version 12.00
# Visual Studio 15
VisualStudioVersion = 15.0.28010.2050
MinimumVisualStudioVersion = 10.0.40219.1
Project("{FAE04EC0-301F-11D3-BF4B-00C04F79EFBC}") = "RentACar", "RentACar\RentACar.csproj", "{65A06C98-D4ED-4CDE-9691-B409D604BE04}"
EndProject
Global
	GlobalSection(SolutionConfigurationPlatforms) = preSolution
		Debug|Any CPU = Debug|Any CPU
		Release|Any CPU = Release|Any CPU
	EndGlobalSection
	GlobalSection(ProjectConfigurationPlatforms) = postSolution
		{65A06C98-D4ED-4CDE-9691-B409D604BE04}.Debug|Any CPU.ActiveCfg = Debug|Any CPU
		{65A06C98-D4ED-4CDE-9691-B409D604BE04}.Debug|Any CPU.Build.0 = Debug|Any CPU
		{65A06C98-D4ED-4CDE-9691-B409D604BE04}.Release|Any CPU.ActiveCfg = Release|Any CPU
		{65A06C98-D4ED-4CDE-9691-B409D604BE04}.Release|Any CPU.Build.0 = Release|Any CPU
	EndGlobalSection
	GlobalSection(SolutionProperties) = preSolution
		HideSolutionNode = FALSE
	EndGlobalSection
	GlobalSection(ExtensibilityGlobals) = postSolution
		SolutionGuid = {3F9FA3A6-26E1-42AA-8078-2775D51394F5}
	EndGlobalSection
EndGlobal
